
Microsoft Visual Studio Solution File, Format Version 12.00
# Visual Studio Express 2013 for Web
VisualStudioVersion = 12.0.30723.0
MinimumVisualStudioVersion = 10.0.40219.1
Project("{FAE04EC0-301F-11D3-BF4B-00C04F79EFBC}") = "PhotoBooth", "PhotoBooth\PhotoBooth.csproj", "{1210DFE9-C732-4B82-8BAF-51BACD6E4527}"
EndProject
Project("{2150E333-8FDC-42A3-9474-1A3956D46DE8}") = "Solution Items", "Solution Items", "{ED27D774-FBF7-46D1-9B7D-A7F67AC630F5}"
	ProjectSection(SolutionItems) = preProject
		C:\USERS\HACKER\APPDATA\LOCAL\MICROSOFT\VWDEXPRESS\12.0\EXTENSIONS\4IQEGXT1.Q1B\description.html = C:\USERS\HACKER\APPDATA\LOCAL\MICROSOFT\VWDEXPRESS\12.0\EXTENSIONS\4IQEGXT1.Q1B\description.html
	EndProjectSection
EndProject
Global
	GlobalSection(SolutionConfigurationPlatforms) = preSolution
		Debug|Any CPU = Debug|Any CPU
		Release|Any CPU = Release|Any CPU
	EndGlobalSection
	GlobalSection(ProjectConfigurationPlatforms) = postSolution
		{1210DFE9-C732-4B82-8BAF-51BACD6E4527}.Debug|Any CPU.ActiveCfg = Debug|Any CPU
		{1210DFE9-C732-4B82-8BAF-51BACD6E4527}.Debug|Any CPU.Build.0 = Debug|Any CPU
		{1210DFE9-C732-4B82-8BAF-51BACD6E4527}.Release|Any CPU.ActiveCfg = Release|Any CPU
		{1210DFE9-C732-4B82-8BAF-51BACD6E4527}.Release|Any CPU.Build.0 = Release|Any CPU
	EndGlobalSection
	GlobalSection(SolutionProperties) = preSolution
		HideSolutionNode = FALSE
	EndGlobalSection
	GlobalSection(CodealikeProperties) = postSolution
		SolutionGuid = 564a6d72-d28d-4188-9d58-b49652ce827b
	EndGlobalSection
EndGlobal
